// !$*UTF8*$!
{
	archiveVersion = 1;
	classes = {
	};
	objectVersion = 56;
	objects = {

/* Begin PBXBuildFile section */
		520F91FB2A8A407E005C8897 /* MyProfile+CoreDataClass.swift in Sources */ = {isa = PBXBuildFile; fileRef = 520F91F72A8A407E005C8897 /* MyProfile+CoreDataClass.swift */; };
		520F91FC2A8A407E005C8897 /* MyProfile+CoreDataProperties.swift in Sources */ = {isa = PBXBuildFile; fileRef = 520F91F82A8A407E005C8897 /* MyProfile+CoreDataProperties.swift */; };
		520F91FD2A8A407E005C8897 /* MySnack+CoreDataClass.swift in Sources */ = {isa = PBXBuildFile; fileRef = 520F91F92A8A407E005C8897 /* MySnack+CoreDataClass.swift */; };
		520F91FE2A8A407E005C8897 /* MySnack+CoreDataProperties.swift in Sources */ = {isa = PBXBuildFile; fileRef = 520F91FA2A8A407E005C8897 /* MySnack+CoreDataProperties.swift */; };
		520F92022A8A42A7005C8897 /* SnackCore.swift in Sources */ = {isa = PBXBuildFile; fileRef = 520F92012A8A42A7005C8897 /* SnackCore.swift */; };
		520F92042A8A42B3005C8897 /* ProfileCore.swift in Sources */ = {isa = PBXBuildFile; fileRef = 520F92032A8A42B3005C8897 /* ProfileCore.swift */; };
		634976302A8A13D500A071CA /* .gitignore in Resources */ = {isa = PBXBuildFile; fileRef = 6349762F2A8A13D500A071CA /* .gitignore */; };
		63523EC52A8A0EE7002C677A /* AppDelegate.swift in Sources */ = {isa = PBXBuildFile; fileRef = 63523EC42A8A0EE7002C677A /* AppDelegate.swift */; };
		63523EC72A8A0EE7002C677A /* SceneDelegate.swift in Sources */ = {isa = PBXBuildFile; fileRef = 63523EC62A8A0EE7002C677A /* SceneDelegate.swift */; };
		63523EC92A8A0EE7002C677A /* ViewController.swift in Sources */ = {isa = PBXBuildFile; fileRef = 63523EC82A8A0EE7002C677A /* ViewController.swift */; };
		63523ECC2A8A0EE7002C677A /* Main.storyboard in Resources */ = {isa = PBXBuildFile; fileRef = 63523ECA2A8A0EE7002C677A /* Main.storyboard */; };
		63523ECF2A8A0EE7002C677A /* AppleSnack.xcdatamodeld in Sources */ = {isa = PBXBuildFile; fileRef = 63523ECD2A8A0EE7002C677A /* AppleSnack.xcdatamodeld */; };
		63523ED12A8A0EE8002C677A /* Assets.xcassets in Resources */ = {isa = PBXBuildFile; fileRef = 63523ED02A8A0EE8002C677A /* Assets.xcassets */; };
		63523ED42A8A0EE8002C677A /* LaunchScreen.storyboard in Resources */ = {isa = PBXBuildFile; fileRef = 63523ED22A8A0EE8002C677A /* LaunchScreen.storyboard */; };
/* End PBXBuildFile section */

/* Begin PBXFileReference section */
		520F91F72A8A407E005C8897 /* MyProfile+CoreDataClass.swift */ = {isa = PBXFileReference; lastKnownFileType = sourcecode.swift; path = "MyProfile+CoreDataClass.swift"; sourceTree = "<group>"; };
		520F91F82A8A407E005C8897 /* MyProfile+CoreDataProperties.swift */ = {isa = PBXFileReference; lastKnownFileType = sourcecode.swift; path = "MyProfile+CoreDataProperties.swift"; sourceTree = "<group>"; };
		520F91F92A8A407E005C8897 /* MySnack+CoreDataClass.swift */ = {isa = PBXFileReference; lastKnownFileType = sourcecode.swift; path = "MySnack+CoreDataClass.swift"; sourceTree = "<group>"; };
		520F91FA2A8A407E005C8897 /* MySnack+CoreDataProperties.swift */ = {isa = PBXFileReference; lastKnownFileType = sourcecode.swift; path = "MySnack+CoreDataProperties.swift"; sourceTree = "<group>"; };
		520F92012A8A42A7005C8897 /* SnackCore.swift */ = {isa = PBXFileReference; lastKnownFileType = sourcecode.swift; path = SnackCore.swift; sourceTree = "<group>"; };
		520F92032A8A42B3005C8897 /* ProfileCore.swift */ = {isa = PBXFileReference; lastKnownFileType = sourcecode.swift; path = ProfileCore.swift; sourceTree = "<group>"; };
		6349762F2A8A13D500A071CA /* .gitignore */ = {isa = PBXFileReference; lastKnownFileType = text; path = .gitignore; sourceTree = "<group>"; };
		63523EC12A8A0EE7002C677A /* AppleSnack.app */ = {isa = PBXFileReference; explicitFileType = wrapper.application; includeInIndex = 0; path = AppleSnack.app; sourceTree = BUILT_PRODUCTS_DIR; };
		63523EC42A8A0EE7002C677A /* AppDelegate.swift */ = {isa = PBXFileReference; lastKnownFileType = sourcecode.swift; path = AppDelegate.swift; sourceTree = "<group>"; };
		63523EC62A8A0EE7002C677A /* SceneDelegate.swift */ = {isa = PBXFileReference; lastKnownFileType = sourcecode.swift; path = SceneDelegate.swift; sourceTree = "<group>"; };
		63523EC82A8A0EE7002C677A /* ViewController.swift */ = {isa = PBXFileReference; lastKnownFileType = sourcecode.swift; path = ViewController.swift; sourceTree = "<group>"; };
		63523ECB2A8A0EE7002C677A /* Base */ = {isa = PBXFileReference; lastKnownFileType = file.storyboard; name = Base; path = Base.lproj/Main.storyboard; sourceTree = "<group>"; };
		63523ECE2A8A0EE7002C677A /* AppleSnack.xcdatamodel */ = {isa = PBXFileReference; lastKnownFileType = wrapper.xcdatamodel; path = AppleSnack.xcdatamodel; sourceTree = "<group>"; };
		63523ED02A8A0EE8002C677A /* Assets.xcassets */ = {isa = PBXFileReference; lastKnownFileType = folder.assetcatalog; path = Assets.xcassets; sourceTree = "<group>"; };
		63523ED32A8A0EE8002C677A /* Base */ = {isa = PBXFileReference; lastKnownFileType = file.storyboard; name = Base; path = Base.lproj/LaunchScreen.storyboard; sourceTree = "<group>"; };
		63523ED52A8A0EE8002C677A /* Info.plist */ = {isa = PBXFileReference; lastKnownFileType = text.plist.xml; path = Info.plist; sourceTree = "<group>"; };
/* End PBXFileReference section */

/* Begin PBXFrameworksBuildPhase section */
		63523EBE2A8A0EE7002C677A /* Frameworks */ = {
			isa = PBXFrameworksBuildPhase;
			buildActionMask = 2147483647;
			files = (
			);
			runOnlyForDeploymentPostprocessing = 0;
		};
/* End PBXFrameworksBuildPhase section */

/* Begin PBXGroup section */
		520F91FF2A8A408A005C8897 /* Model(snack) */ = {
			isa = PBXGroup;
			children = (
				520F91F72A8A407E005C8897 /* MyProfile+CoreDataClass.swift */,
				520F91F82A8A407E005C8897 /* MyProfile+CoreDataProperties.swift */,
				520F92032A8A42B3005C8897 /* ProfileCore.swift */,
			);
			path = "Model(snack)";
			sourceTree = "<group>";
		};
		520F92002A8A4288005C8897 /* Model(profile) */ = {
			isa = PBXGroup;
			children = (
				520F91F92A8A407E005C8897 /* MySnack+CoreDataClass.swift */,
				520F91FA2A8A407E005C8897 /* MySnack+CoreDataProperties.swift */,
				520F92012A8A42A7005C8897 /* SnackCore.swift */,
			);
			path = "Model(profile)";
			sourceTree = "<group>";
		};
		63523EB82A8A0EE7002C677A = {
			isa = PBXGroup;
			children = (
				6349762F2A8A13D500A071CA /* .gitignore */,
				63523EC32A8A0EE7002C677A /* AppleSnack */,
				63523EC22A8A0EE7002C677A /* Products */,
			);
			sourceTree = "<group>";
		};
		63523EC22A8A0EE7002C677A /* Products */ = {
			isa = PBXGroup;
			children = (
				63523EC12A8A0EE7002C677A /* AppleSnack.app */,
			);
			name = Products;
			sourceTree = "<group>";
		};
		63523EC32A8A0EE7002C677A /* AppleSnack */ = {
			isa = PBXGroup;
			children = (
				520F92002A8A4288005C8897 /* Model(profile) */,
				520F91FF2A8A408A005C8897 /* Model(snack) */,
				63523EC42A8A0EE7002C677A /* AppDelegate.swift */,
				63523EC62A8A0EE7002C677A /* SceneDelegate.swift */,
				63523EC82A8A0EE7002C677A /* ViewController.swift */,
				63523ECA2A8A0EE7002C677A /* Main.storyboard */,
				63523ED02A8A0EE8002C677A /* Assets.xcassets */,
				63523ED22A8A0EE8002C677A /* LaunchScreen.storyboard */,
				63523ED52A8A0EE8002C677A /* Info.plist */,
				63523ECD2A8A0EE7002C677A /* AppleSnack.xcdatamodeld */,
			);
			path = AppleSnack;
			sourceTree = "<group>";
		};
/* End PBXGroup section */

/* Begin PBXNativeTarget section */
		63523EC02A8A0EE7002C677A /* AppleSnack */ = {
			isa = PBXNativeTarget;
			buildConfigurationList = 63523ED82A8A0EE8002C677A /* Build configuration list for PBXNativeTarget "AppleSnack" */;
			buildPhases = (
				63523EBD2A8A0EE7002C677A /* Sources */,
				63523EBE2A8A0EE7002C677A /* Frameworks */,
				63523EBF2A8A0EE7002C677A /* Resources */,
			);
			buildRules = (
			);
			dependencies = (
			);
			name = AppleSnack;
			productName = AppleSnack;
			productReference = 63523EC12A8A0EE7002C677A /* AppleSnack.app */;
			productType = "com.apple.product-type.application";
		};
/* End PBXNativeTarget section */

/* Begin PBXProject section */
		63523EB92A8A0EE7002C677A /* Project object */ = {
			isa = PBXProject;
			attributes = {
				BuildIndependentTargetsInParallel = 1;
				LastSwiftUpdateCheck = 1430;
				LastUpgradeCheck = 1430;
				TargetAttributes = {
					63523EC02A8A0EE7002C677A = {
						CreatedOnToolsVersion = 14.3.1;
					};
				};
			};
			buildConfigurationList = 63523EBC2A8A0EE7002C677A /* Build configuration list for PBXProject "AppleSnack" */;
			compatibilityVersion = "Xcode 14.0";
			developmentRegion = en;
			hasScannedForEncodings = 0;
			knownRegions = (
				en,
				Base,
			);
			mainGroup = 63523EB82A8A0EE7002C677A;
			productRefGroup = 63523EC22A8A0EE7002C677A /* Products */;
			projectDirPath = "";
			projectRoot = "";
			targets = (
				63523EC02A8A0EE7002C677A /* AppleSnack */,
			);
		};
/* End PBXProject section */

/* Begin PBXResourcesBuildPhase section */
		63523EBF2A8A0EE7002C677A /* Resources */ = {
			isa = PBXResourcesBuildPhase;
			buildActionMask = 2147483647;
			files = (
				634976302A8A13D500A071CA /* .gitignore in Resources */,
				63523ED42A8A0EE8002C677A /* LaunchScreen.storyboard in Resources */,
				63523ED12A8A0EE8002C677A /* Assets.xcassets in Resources */,
				63523ECC2A8A0EE7002C677A /* Main.storyboard in Resources */,
			);
			runOnlyForDeploymentPostprocessing = 0;
		};
/* End PBXResourcesBuildPhase section */

/* Begin PBXSourcesBuildPhase section */
		63523EBD2A8A0EE7002C677A /* Sources */ = {
			isa = PBXSourcesBuildPhase;
			buildActionMask = 2147483647;
			files = (
				520F91FE2A8A407E005C8897 /* MySnack+CoreDataProperties.swift in Sources */,
				63523EC92A8A0EE7002C677A /* ViewController.swift in Sources */,
				520F92022A8A42A7005C8897 /* SnackCore.swift in Sources */,
				63523ECF2A8A0EE7002C677A /* AppleSnack.xcdatamodeld in Sources */,
				63523EC52A8A0EE7002C677A /* AppDelegate.swift in Sources */,
				63523EC72A8A0EE7002C677A /* SceneDelegate.swift in Sources */,
				520F92042A8A42B3005C8897 /* ProfileCore.swift in Sources */,
				520F91FD2A8A407E005C8897 /* MySnack+CoreDataClass.swift in Sources */,
				520F91FB2A8A407E005C8897 /* MyProfile+CoreDataClass.swift in Sources */,
				520F91FC2A8A407E005C8897 /* MyProfile+CoreDataProperties.swift in Sources */,
			);
			runOnlyForDeploymentPostprocessing = 0;
		};
/* End PBXSourcesBuildPhase section */

/* Begin PBXVariantGroup section */
		63523ECA2A8A0EE7002C677A /* Main.storyboard */ = {
			isa = PBXVariantGroup;
			children = (
				63523ECB2A8A0EE7002C677A /* Base */,
			);
			name = Main.storyboard;
			sourceTree = "<group>";
		};
		63523ED22A8A0EE8002C677A /* LaunchScreen.storyboard */ = {
			isa = PBXVariantGroup;
			children = (
				63523ED32A8A0EE8002C677A /* Base */,
			);
			name = LaunchScreen.storyboard;
			sourceTree = "<group>";
		};
/* End PBXVariantGroup section */

/* Begin XCBuildConfiguration section */
		63523ED62A8A0EE8002C677A /* Debug */ = {
			isa = XCBuildConfiguration;
			buildSettings = {
				ALWAYS_SEARCH_USER_PATHS = NO;
				CLANG_ANALYZER_NONNULL = YES;
				CLANG_ANALYZER_NUMBER_OBJECT_CONVERSION = YES_AGGRESSIVE;
				CLANG_CXX_LANGUAGE_STANDARD = "gnu++20";
				CLANG_ENABLE_MODULES = YES;
				CLANG_ENABLE_OBJC_ARC = YES;
				CLANG_ENABLE_OBJC_WEAK = YES;
				CLANG_WARN_BLOCK_CAPTURE_AUTORELEASING = YES;
				CLANG_WARN_BOOL_CONVERSION = YES;
				CLANG_WARN_COMMA = YES;
				CLANG_WARN_CONSTANT_CONVERSION = YES;
				CLANG_WARN_DEPRECATED_OBJC_IMPLEMENTATIONS = YES;
				CLANG_WARN_DIRECT_OBJC_ISA_USAGE = YES_ERROR;
				CLANG_WARN_DOCUMENTATION_COMMENTS = YES;
				CLANG_WARN_EMPTY_BODY = YES;
				CLANG_WARN_ENUM_CONVERSION = YES;
				CLANG_WARN_INFINITE_RECURSION = YES;
				CLANG_WARN_INT_CONVERSION = YES;
				CLANG_WARN_NON_LITERAL_NULL_CONVERSION = YES;
				CLANG_WARN_OBJC_IMPLICIT_RETAIN_SELF = YES;
				CLANG_WARN_OBJC_LITERAL_CONVERSION = YES;
				CLANG_WARN_OBJC_ROOT_CLASS = YES_ERROR;
				CLANG_WARN_QUOTED_INCLUDE_IN_FRAMEWORK_HEADER = YES;
				CLANG_WARN_RANGE_LOOP_ANALYSIS = YES;
				CLANG_WARN_STRICT_PROTOTYPES = YES;
				CLANG_WARN_SUSPICIOUS_MOVE = YES;
				CLANG_WARN_UNGUARDED_AVAILABILITY = YES_AGGRESSIVE;
				CLANG_WARN_UNREACHABLE_CODE = YES;
				CLANG_WARN__DUPLICATE_METHOD_MATCH = YES;
				COPY_PHASE_STRIP = NO;
				DEBUG_INFORMATION_FORMAT = dwarf;
				ENABLE_STRICT_OBJC_MSGSEND = YES;
				ENABLE_TESTABILITY = YES;
				GCC_C_LANGUAGE_STANDARD = gnu11;
				GCC_DYNAMIC_NO_PIC = NO;
				GCC_NO_COMMON_BLOCKS = YES;
				GCC_OPTIMIZATION_LEVEL = 0;
				GCC_PREPROCESSOR_DEFINITIONS = (
					"DEBUG=1",
					"$(inherited)",
				);
				GCC_WARN_64_TO_32_BIT_CONVERSION = YES;
				GCC_WARN_ABOUT_RETURN_TYPE = YES_ERROR;
				GCC_WARN_UNDECLARED_SELECTOR = YES;
				GCC_WARN_UNINITIALIZED_AUTOS = YES_AGGRESSIVE;
				GCC_WARN_UNUSED_FUNCTION = YES;
				GCC_WARN_UNUSED_VARIABLE = YES;
				IPHONEOS_DEPLOYMENT_TARGET = 16.4;
				MTL_ENABLE_DEBUG_INFO = INCLUDE_SOURCE;
				MTL_FAST_MATH = YES;
				ONLY_ACTIVE_ARCH = YES;
				SDKROOT = iphoneos;
				SWIFT_ACTIVE_COMPILATION_CONDITIONS = DEBUG;
				SWIFT_OPTIMIZATION_LEVEL = "-Onone";
			};
			name = Debug;
		};
		63523ED72A8A0EE8002C677A /* Release */ = {
			isa = XCBuildConfiguration;
			buildSettings = {
				ALWAYS_SEARCH_USER_PATHS = NO;
				CLANG_ANALYZER_NONNULL = YES;
				CLANG_ANALYZER_NUMBER_OBJECT_CONVERSION = YES_AGGRESSIVE;
				CLANG_CXX_LANGUAGE_STANDARD = "gnu++20";
				CLANG_ENABLE_MODULES = YES;
				CLANG_ENABLE_OBJC_ARC = YES;
				CLANG_ENABLE_OBJC_WEAK = YES;
				CLANG_WARN_BLOCK_CAPTURE_AUTORELEASING = YES;
				CLANG_WARN_BOOL_CONVERSION = YES;
				CLANG_WARN_COMMA = YES;
				CLANG_WARN_CONSTANT_CONVERSION = YES;
				CLANG_WARN_DEPRECATED_OBJC_IMPLEMENTATIONS = YES;
				CLANG_WARN_DIRECT_OBJC_ISA_USAGE = YES_ERROR;
				CLANG_WARN_DOCUMENTATION_COMMENTS = YES;
				CLANG_WARN_EMPTY_BODY = YES;
				CLANG_WARN_ENUM_CONVERSION = YES;
				CLANG_WARN_INFINITE_RECURSION = YES;
				CLANG_WARN_INT_CONVERSION = YES;
				CLANG_WARN_NON_LITERAL_NULL_CONVERSION = YES;
				CLANG_WARN_OBJC_IMPLICIT_RETAIN_SELF = YES;
				CLANG_WARN_OBJC_LITERAL_CONVERSION = YES;
				CLANG_WARN_OBJC_ROOT_CLASS = YES_ERROR;
				CLANG_WARN_QUOTED_INCLUDE_IN_FRAMEWORK_HEADER = YES;
				CLANG_WARN_RANGE_LOOP_ANALYSIS = YES;
				CLANG_WARN_STRICT_PROTOTYPES = YES;
				CLANG_WARN_SUSPICIOUS_MOVE = YES;
				CLANG_WARN_UNGUARDED_AVAILABILITY = YES_AGGRESSIVE;
				CLANG_WARN_UNREACHABLE_CODE = YES;
				CLANG_WARN__DUPLICATE_METHOD_MATCH = YES;
				COPY_PHASE_STRIP = NO;
				DEBUG_INFORMATION_FORMAT = "dwarf-with-dsym";
				ENABLE_NS_ASSERTIONS = NO;
				ENABLE_STRICT_OBJC_MSGSEND = YES;
				GCC_C_LANGUAGE_STANDARD = gnu11;
				GCC_NO_COMMON_BLOCKS = YES;
				GCC_WARN_64_TO_32_BIT_CONVERSION = YES;
				GCC_WARN_ABOUT_RETURN_TYPE = YES_ERROR;
				GCC_WARN_UNDECLARED_SELECTOR = YES;
				GCC_WARN_UNINITIALIZED_AUTOS = YES_AGGRESSIVE;
				GCC_WARN_UNUSED_FUNCTION = YES;
				GCC_WARN_UNUSED_VARIABLE = YES;
				IPHONEOS_DEPLOYMENT_TARGET = 16.4;
				MTL_ENABLE_DEBUG_INFO = NO;
				MTL_FAST_MATH = YES;
				SDKROOT = iphoneos;
				SWIFT_COMPILATION_MODE = wholemodule;
				SWIFT_OPTIMIZATION_LEVEL = "-O";
				VALIDATE_PRODUCT = YES;
			};
			name = Release;
		};
		63523ED92A8A0EE8002C677A /* Debug */ = {
			isa = XCBuildConfiguration;
			buildSettings = {
				ASSETCATALOG_COMPILER_APPICON_NAME = AppIcon;
				ASSETCATALOG_COMPILER_GLOBAL_ACCENT_COLOR_NAME = AccentColor;
				CODE_SIGN_STYLE = Automatic;
				CURRENT_PROJECT_VERSION = 1;
				GENERATE_INFOPLIST_FILE = YES;
				INFOPLIST_FILE = AppleSnack/Info.plist;
				INFOPLIST_KEY_UIApplicationSupportsIndirectInputEvents = YES;
				INFOPLIST_KEY_UILaunchStoryboardName = LaunchScreen;
				INFOPLIST_KEY_UIMainStoryboardFile = Main;
				INFOPLIST_KEY_UISupportedInterfaceOrientations_iPad = "UIInterfaceOrientationLandscapeLeft UIInterfaceOrientationLandscapeRight UIInterfaceOrientationPortrait UIInterfaceOrientationPortraitUpsideDown";
				IPHONEOS_DEPLOYMENT_TARGET = 14.0;
				LD_RUNPATH_SEARCH_PATHS = (
					"$(inherited)",
					"@executable_path/Frameworks",
				);
				MARKETING_VERSION = 1.0;
				PRODUCT_BUNDLE_IDENTIFIER = com.sseongwon.AppleSnack;
				PRODUCT_NAME = "$(TARGET_NAME)";
				SUPPORTED_PLATFORMS = "iphoneos iphonesimulator";
				SUPPORTS_MACCATALYST = NO;
				SUPPORTS_MAC_DESIGNED_FOR_IPHONE_IPAD = NO;
				SWIFT_EMIT_LOC_STRINGS = YES;
				SWIFT_VERSION = 5.0;
				TARGETED_DEVICE_FAMILY = 1;
			};
			name = Debug;
		};
		63523EDA2A8A0EE8002C677A /* Release */ = {
			isa = XCBuildConfiguration;
			buildSettings = {
				ASSETCATALOG_COMPILER_APPICON_NAME = AppIcon;
				ASSETCATALOG_COMPILER_GLOBAL_ACCENT_COLOR_NAME = AccentColor;
				CODE_SIGN_STYLE = Automatic;
				CURRENT_PROJECT_VERSION = 1;
				GENERATE_INFOPLIST_FILE = YES;
				INFOPLIST_FILE = AppleSnack/Info.plist;
				INFOPLIST_KEY_UIApplicationSupportsIndirectInputEvents = YES;
				INFOPLIST_KEY_UILaunchStoryboardName = LaunchScreen;
				INFOPLIST_KEY_UIMainStoryboardFile = Main;
				INFOPLIST_KEY_UISupportedInterfaceOrientations_iPad = "UIInterfaceOrientationLandscapeLeft UIInterfaceOrientationLandscapeRight UIInterfaceOrientationPortrait UIInterfaceOrientationPortraitUpsideDown";
				IPHONEOS_DEPLOYMENT_TARGET = 14.0;
				LD_RUNPATH_SEARCH_PATHS = (
					"$(inherited)",
					"@executable_path/Frameworks",
				);
				MARKETING_VERSION = 1.0;
				PRODUCT_BUNDLE_IDENTIFIER = com.sseongwon.AppleSnack;
				PRODUCT_NAME = "$(TARGET_NAME)";
				SUPPORTED_PLATFORMS = "iphoneos iphonesimulator";
				SUPPORTS_MACCATALYST = NO;
				SUPPORTS_MAC_DESIGNED_FOR_IPHONE_IPAD = NO;
				SWIFT_EMIT_LOC_STRINGS = YES;
				SWIFT_VERSION = 5.0;
				TARGETED_DEVICE_FAMILY = 1;
			};
			name = Release;
		};
/* End XCBuildConfiguration section */

/* Begin XCConfigurationList section */
		63523EBC2A8A0EE7002C677A /* Build configuration list for PBXProject "AppleSnack" */ = {
			isa = XCConfigurationList;
			buildConfigurations = (
				63523ED62A8A0EE8002C677A /* Debug */,
				63523ED72A8A0EE8002C677A /* Release */,
			);
			defaultConfigurationIsVisible = 0;
			defaultConfigurationName = Release;
		};
		63523ED82A8A0EE8002C677A /* Build configuration list for PBXNativeTarget "AppleSnack" */ = {
			isa = XCConfigurationList;
			buildConfigurations = (
				63523ED92A8A0EE8002C677A /* Debug */,
				63523EDA2A8A0EE8002C677A /* Release */,
			);
			defaultConfigurationIsVisible = 0;
			defaultConfigurationName = Release;
		};
/* End XCConfigurationList section */

/* Begin XCVersionGroup section */
		63523ECD2A8A0EE7002C677A /* AppleSnack.xcdatamodeld */ = {
			isa = XCVersionGroup;
			children = (
				63523ECE2A8A0EE7002C677A /* AppleSnack.xcdatamodel */,
			);
			currentVersion = 63523ECE2A8A0EE7002C677A /* AppleSnack.xcdatamodel */;
			path = AppleSnack.xcdatamodeld;
			sourceTree = "<group>";
			versionGroupType = wrapper.xcdatamodel;
		};
/* End XCVersionGroup section */
	};
	rootObject = 63523EB92A8A0EE7002C677A /* Project object */;
}
